
Microsoft Visual Studio Solution File, Format Version 12.00
# Visual Studio 15
VisualStudioVersion = 15.0.28307.489
MinimumVisualStudioVersion = 10.0.40219.1
Project("{FAE04EC0-301F-11D3-BF4B-00C04F79EFBC}") = "Umamimolecule.ConditionParser", "src\Umamimolecule.ConditionParser\Umamimolecule.ConditionParser.csproj", "{31C6F7A1-56AD-47A1-8DDD-DB092B39A1A5}"
EndProject
Project("{FAE04EC0-301F-11D3-BF4B-00C04F79EFBC}") = "Umamimolecule.ConditionParser.Tests", "test\Umamimolecule.ConditionParser.Tests\Umamimolecule.ConditionParser.Tests.csproj", "{91DCC3CD-56AE-4B4C-826E-B18832E02898}"
EndProject
Project("{2150E333-8FDC-42A3-9474-1A3956D46DE8}") = "Solution items", "Solution items", "{80FAF47A-D9F2-432A-A939-826ACA8DC46E}"
	ProjectSection(SolutionItems) = preProject
		.gitignore = .gitignore
		CHANGELOG.md = CHANGELOG.md
		LICENSE = LICENSE
		README.md = README.md
	EndProjectSection
EndProject
Global
	GlobalSection(SolutionConfigurationPlatforms) = preSolution
		Debug|Any CPU = Debug|Any CPU
		Release|Any CPU = Release|Any CPU
	EndGlobalSection
	GlobalSection(ProjectConfigurationPlatforms) = postSolution
		{31C6F7A1-56AD-47A1-8DDD-DB092B39A1A5}.Debug|Any CPU.ActiveCfg = Debug|Any CPU
		{31C6F7A1-56AD-47A1-8DDD-DB092B39A1A5}.Debug|Any CPU.Build.0 = Debug|Any CPU
		{31C6F7A1-56AD-47A1-8DDD-DB092B39A1A5}.Release|Any CPU.ActiveCfg = Release|Any CPU
		{31C6F7A1-56AD-47A1-8DDD-DB092B39A1A5}.Release|Any CPU.Build.0 = Release|Any CPU
		{91DCC3CD-56AE-4B4C-826E-B18832E02898}.Debug|Any CPU.ActiveCfg = Debug|Any CPU
		{91DCC3CD-56AE-4B4C-826E-B18832E02898}.Debug|Any CPU.Build.0 = Debug|Any CPU
		{91DCC3CD-56AE-4B4C-826E-B18832E02898}.Release|Any CPU.ActiveCfg = Release|Any CPU
		{91DCC3CD-56AE-4B4C-826E-B18832E02898}.Release|Any CPU.Build.0 = Release|Any CPU
	EndGlobalSection
	GlobalSection(SolutionProperties) = preSolution
		HideSolutionNode = FALSE
	EndGlobalSection
	GlobalSection(ExtensibilityGlobals) = postSolution
		SolutionGuid = {BFB1BD55-62EA-4A5A-8569-9C25F63330FF}
	EndGlobalSection
EndGlobal
